
Microsoft Visual Studio Solution File, Format Version 12.00
# Visual Studio Version 17
VisualStudioVersion = 17.9.34728.123
MinimumVisualStudioVersion = 10.0.40219.1
Project("{FAE04EC0-301F-11D3-BF4B-00C04F79EFBC}") = "The Replicator of D'To", "The Replicator of D'To.csproj", "{77928056-4C4E-45AB-8413-D20749951A15}"
EndProject
Global
	GlobalSection(SolutionConfigurationPlatforms) = preSolution
		Debug|Any CPU = Debug|Any CPU
		Release|Any CPU = Release|Any CPU
	EndGlobalSection
	GlobalSection(ProjectConfigurationPlatforms) = postSolution
		{77928056-4C4E-45AB-8413-D20749951A15}.Debug|Any CPU.ActiveCfg = Debug|Any CPU
		{77928056-4C4E-45AB-8413-D20749951A15}.Debug|Any CPU.Build.0 = Debug|Any CPU
		{77928056-4C4E-45AB-8413-D20749951A15}.Release|Any CPU.ActiveCfg = Release|Any CPU
		{77928056-4C4E-45AB-8413-D20749951A15}.Release|Any CPU.Build.0 = Release|Any CPU
	EndGlobalSection
	GlobalSection(SolutionProperties) = preSolution
		HideSolutionNode = FALSE
	EndGlobalSection
	GlobalSection(ExtensibilityGlobals) = postSolution
		SolutionGuid = {DDA1F476-3049-401C-A1AA-97210E4E13C0}
	EndGlobalSection
EndGlobal
